
Microsoft Visual Studio Solution File, Format Version 12.00
# Visual Studio Version 17
VisualStudioVersion = 17.9.34723.18
MinimumVisualStudioVersion = 10.0.40219.1
Project("{9A19103F-16F7-4668-BE54-9A1E7A4F7556}") = "SoporteLLM", "SoporteLLM.csproj", "{B23B3DA8-3B6F-4D8C-B0EA-4BD5F5AD17BB}"
EndProject
Global
	GlobalSection(SolutionConfigurationPlatforms) = preSolution
		Debug|Any CPU = Debug|Any CPU
		Release|Any CPU = Release|Any CPU
	EndGlobalSection
	GlobalSection(ProjectConfigurationPlatforms) = postSolution
		{B23B3DA8-3B6F-4D8C-B0EA-4BD5F5AD17BB}.Debug|Any CPU.ActiveCfg = Debug|Any CPU
		{B23B3DA8-3B6F-4D8C-B0EA-4BD5F5AD17BB}.Debug|Any CPU.Build.0 = Debug|Any CPU
		{B23B3DA8-3B6F-4D8C-B0EA-4BD5F5AD17BB}.Release|Any CPU.ActiveCfg = Release|Any CPU
		{B23B3DA8-3B6F-4D8C-B0EA-4BD5F5AD17BB}.Release|Any CPU.Build.0 = Release|Any CPU
	EndGlobalSection
	GlobalSection(SolutionProperties) = preSolution
		HideSolutionNode = FALSE
	EndGlobalSection
	GlobalSection(ExtensibilityGlobals) = postSolution
		SolutionGuid = {24705300-B479-4A5E-9933-37E131366DC5}
	EndGlobalSection
EndGlobal
